
Microsoft Visual Studio Solution File, Format Version 12.00
# Visual Studio 2012
Project("{FAE04EC0-301F-11D3-BF4B-00C04F79EFBC}") = "MyFirstApp", "MyFirstApp\MyFirstApp.csproj", "{77FFD048-E31C-49B8-A003-5621EADAE43F}"
EndProject
Global
	GlobalSection(SolutionConfigurationPlatforms) = preSolution
		Debug|iPhoneSimulator = Debug|iPhoneSimulator
		Release|iPhone = Release|iPhone
		Release|iPhoneSimulator = Release|iPhoneSimulator
		Debug|iPhone = Debug|iPhone
	EndGlobalSection
	GlobalSection(ProjectConfigurationPlatforms) = postSolution
		{77FFD048-E31C-49B8-A003-5621EADAE43F}.Debug|iPhone.ActiveCfg = Debug|iPhone
		{77FFD048-E31C-49B8-A003-5621EADAE43F}.Debug|iPhone.Build.0 = Debug|iPhone
		{77FFD048-E31C-49B8-A003-5621EADAE43F}.Debug|iPhoneSimulator.ActiveCfg = Debug|iPhoneSimulator
		{77FFD048-E31C-49B8-A003-5621EADAE43F}.Debug|iPhoneSimulator.Build.0 = Debug|iPhoneSimulator
		{77FFD048-E31C-49B8-A003-5621EADAE43F}.Release|iPhone.ActiveCfg = Release|iPhone
		{77FFD048-E31C-49B8-A003-5621EADAE43F}.Release|iPhone.Build.0 = Release|iPhone
		{77FFD048-E31C-49B8-A003-5621EADAE43F}.Release|iPhoneSimulator.ActiveCfg = Release|iPhoneSimulator
		{77FFD048-E31C-49B8-A003-5621EADAE43F}.Release|iPhoneSimulator.Build.0 = Release|iPhoneSimulator
	EndGlobalSection
EndGlobal
